// !$*UTF8*$!
{
	archiveVersion = 1;
	classes = {
	};
	objectVersion = 56;
	objects = {

/* Begin PBXBuildFile section */
		FC2415B529F5D224001CDB76 /* VotingViewController.swift in Sources */ = {isa = PBXBuildFile; fileRef = FC2415B429F5D224001CDB76 /* VotingViewController.swift */; };
		FC2415B729F5D38C001CDB76 /* TBViewController.swift in Sources */ = {isa = PBXBuildFile; fileRef = FC2415B629F5D38C001CDB76 /* TBViewController.swift */; };
		FCE64F0929E72F4800F61644 /* AppDelegate.swift in Sources */ = {isa = PBXBuildFile; fileRef = FCE64F0829E72F4800F61644 /* AppDelegate.swift */; };
		FCE64F0B29E72F4800F61644 /* SceneDelegate.swift in Sources */ = {isa = PBXBuildFile; fileRef = FCE64F0A29E72F4800F61644 /* SceneDelegate.swift */; };
		FCE64F0D29E72F4800F61644 /* ViewController.swift in Sources */ = {isa = PBXBuildFile; fileRef = FCE64F0C29E72F4800F61644 /* ViewController.swift */; };
		FCE64F1029E72F4800F61644 /* Main.storyboard in Resources */ = {isa = PBXBuildFile; fileRef = FCE64F0E29E72F4800F61644 /* Main.storyboard */; };
		FCE64F1229E72F4C00F61644 /* Assets.xcassets in Resources */ = {isa = PBXBuildFile; fileRef = FCE64F1129E72F4C00F61644 /* Assets.xcassets */; };
		FCE64F1529E72F4C00F61644 /* LaunchScreen.storyboard in Resources */ = {isa = PBXBuildFile; fileRef = FCE64F1329E72F4C00F61644 /* LaunchScreen.storyboard */; };
/* End PBXBuildFile section */

/* Begin PBXFileReference section */
		FC2415B429F5D224001CDB76 /* VotingViewController.swift */ = {isa = PBXFileReference; lastKnownFileType = sourcecode.swift; path = VotingViewController.swift; sourceTree = "<group>"; };
		FC2415B629F5D38C001CDB76 /* TBViewController.swift */ = {isa = PBXFileReference; lastKnownFileType = sourcecode.swift; path = TBViewController.swift; sourceTree = "<group>"; };
		FCE64F0529E72F4800F61644 /* Alyssa Ballot Project.app */ = {isa = PBXFileReference; explicitFileType = wrapper.application; includeInIndex = 0; path = "Alyssa Ballot Project.app"; sourceTree = BUILT_PRODUCTS_DIR; };
		FCE64F0829E72F4800F61644 /* AppDelegate.swift */ = {isa = PBXFileReference; lastKnownFileType = sourcecode.swift; path = AppDelegate.swift; sourceTree = "<group>"; };
		FCE64F0A29E72F4800F61644 /* SceneDelegate.swift */ = {isa = PBXFileReference; lastKnownFileType = sourcecode.swift; path = SceneDelegate.swift; sourceTree = "<group>"; };
		FCE64F0C29E72F4800F61644 /* ViewController.swift */ = {isa = PBXFileReference; lastKnownFileType = sourcecode.swift; path = ViewController.swift; sourceTree = "<group>"; };
		FCE64F0F29E72F4800F61644 /* Base */ = {isa = PBXFileReference; lastKnownFileType = file.storyboard; name = Base; path = Base.lproj/Main.storyboard; sourceTree = "<group>"; };
		FCE64F1129E72F4C00F61644 /* Assets.xcassets */ = {isa = PBXFileReference; lastKnownFileType = folder.assetcatalog; path = Assets.xcassets; sourceTree = "<group>"; };
		FCE64F1429E72F4C00F61644 /* Base */ = {isa = PBXFileReference; lastKnownFileType = file.storyboard; name = Base; path = Base.lproj/LaunchScreen.storyboard; sourceTree = "<group>"; };
		FCE64F1629E72F4C00F61644 /* Info.plist */ = {isa = PBXFileReference; lastKnownFileType = text.plist.xml; path = Info.plist; sourceTree = "<group>"; };
/* End PBXFileReference section */

/* Begin PBXFrameworksBuildPhase section */
		FCE64F0229E72F4800F61644 /* Frameworks */ = {
			isa = PBXFrameworksBuildPhase;
			buildActionMask = 2147483647;
			files = (
			);
			runOnlyForDeploymentPostprocessing = 0;
		};
/* End PBXFrameworksBuildPhase section */

/* Begin PBXGroup section */
		FCE64EFC29E72F4800F61644 = {
			isa = PBXGroup;
			children = (
				FCE64F0729E72F4800F61644 /* Alyssa Ballot Project */,
				FCE64F0629E72F4800F61644 /* Products */,
			);
			sourceTree = "<group>";
		};
		FCE64F0629E72F4800F61644 /* Products */ = {
			isa = PBXGroup;
			children = (
				FCE64F0529E72F4800F61644 /* Alyssa Ballot Project.app */,
			);
			name = Products;
			sourceTree = "<group>";
		};
		FCE64F0729E72F4800F61644 /* Alyssa Ballot Project */ = {
			isa = PBXGroup;
			children = (
				FCE64F0829E72F4800F61644 /* AppDelegate.swift */,
				FCE64F0A29E72F4800F61644 /* SceneDelegate.swift */,
				FCE64F0C29E72F4800F61644 /* ViewController.swift */,
				FCE64F0E29E72F4800F61644 /* Main.storyboard */,
				FC2415B629F5D38C001CDB76 /* TBViewController.swift */,
				FC2415B429F5D224001CDB76 /* VotingViewController.swift */,
				FCE64F1129E72F4C00F61644 /* Assets.xcassets */,
				FCE64F1329E72F4C00F61644 /* LaunchScreen.storyboard */,
				FCE64F1629E72F4C00F61644 /* Info.plist */,
			);
			path = "Alyssa Ballot Project";
			sourceTree = "<group>";
		};
/* End PBXGroup section */

/* Begin PBXNativeTarget section */
		FCE64F0429E72F4800F61644 /* Alyssa Ballot Project */ = {
			isa = PBXNativeTarget;
			buildConfigurationList = FCE64F1929E72F4C00F61644 /* Build configuration list for PBXNativeTarget "Alyssa Ballot Project" */;
			buildPhases = (
				FCE64F0129E72F4800F61644 /* Sources */,
				FCE64F0229E72F4800F61644 /* Frameworks */,
				FCE64F0329E72F4800F61644 /* Resources */,
			);
			buildRules = (
			);
			dependencies = (
			);
			name = "Alyssa Ballot Project";
			productName = "Alyssa Ballot Project";
			productReference = FCE64F0529E72F4800F61644 /* Alyssa Ballot Project.app */;
			productType = "com.apple.product-type.application";
		};
/* End PBXNativeTarget section */

/* Begin PBXProject section */
		FCE64EFD29E72F4800F61644 /* Project object */ = {
			isa = PBXProject;
			attributes = {
				BuildIndependentTargetsInParallel = 1;
				LastSwiftUpdateCheck = 1420;
				LastUpgradeCheck = 1420;
				TargetAttributes = {
					FCE64F0429E72F4800F61644 = {
						CreatedOnToolsVersion = 14.2;
					};
				};
			};
			buildConfigurationList = FCE64F0029E72F4800F61644 /* Build configuration list for PBXProject "Alyssa Ballot Project" */;
			compatibilityVersion = "Xcode 14.0";
			developmentRegion = en;
			hasScannedForEncodings = 0;
			knownRegions = (
				en,
				Base,
			);
			mainGroup = FCE64EFC29E72F4800F61644;
			productRefGroup = FCE64F0629E72F4800F61644 /* Products */;
			projectDirPath = "";
			projectRoot = "";
			targets = (
				FCE64F0429E72F4800F61644 /* Alyssa Ballot Project */,
			);
		};
/* End PBXProject section */

/* Begin PBXResourcesBuildPhase section */
		FCE64F0329E72F4800F61644 /* Resources */ = {
			isa = PBXResourcesBuildPhase;
			buildActionMask = 2147483647;
			files = (
				FCE64F1529E72F4C00F61644 /* LaunchScreen.storyboard in Resources */,
				FCE64F1229E72F4C00F61644 /* Assets.xcassets in Resources */,
				FCE64F1029E72F4800F61644 /* Main.storyboard in Resources */,
			);
			runOnlyForDeploymentPostprocessing = 0;
		};
/* End PBXResourcesBuildPhase section */

/* Begin PBXSourcesBuildPhase section */
		FCE64F0129E72F4800F61644 /* Sources */ = {
			isa = PBXSourcesBuildPhase;
			buildActionMask = 2147483647;
			files = (
				FC2415B729F5D38C001CDB76 /* TBViewController.swift in Sources */,
				FCE64F0D29E72F4800F61644 /* ViewController.swift in Sources */,
				FCE64F0929E72F4800F61644 /* AppDelegate.swift in Sources */,
				FCE64F0B29E72F4800F61644 /* SceneDelegate.swift in Sources */,
				FC2415B529F5D224001CDB76 /* VotingViewController.swift in Sources */,
			);
			runOnlyForDeploymentPostprocessing = 0;
		};
/* End PBXSourcesBuildPhase section */

/* Begin PBXVariantGroup section */
		FCE64F0E29E72F4800F61644 /* Main.storyboard */ = {
			isa = PBXVariantGroup;
			children = (
				FCE64F0F29E72F4800F61644 /* Base */,
			);
			name = Main.storyboard;
			sourceTree = "<group>";
		};
		FCE64F1329E72F4C00F61644 /* LaunchScreen.storyboard */ = {
			isa = PBXVariantGroup;
			children = (
				FCE64F1429E72F4C00F61644 /* Base */,
			);
			name = LaunchScreen.storyboard;
			sourceTree = "<group>";
		};
/* End PBXVariantGroup section */

/* Begin XCBuildConfiguration section */
		FCE64F1729E72F4C00F61644 /* Debug */ = {
			isa = XCBuildConfiguration;
			buildSettings = {
				ALWAYS_SEARCH_USER_PATHS = NO;
				CLANG_ANALYZER_NONNULL = YES;
				CLANG_ANALYZER_NUMBER_OBJECT_CONVERSION = YES_AGGRESSIVE;
				CLANG_CXX_LANGUAGE_STANDARD = "gnu++20";
				CLANG_ENABLE_MODULES = YES;
				CLANG_ENABLE_OBJC_ARC = YES;
				CLANG_ENABLE_OBJC_WEAK = YES;
				CLANG_WARN_BLOCK_CAPTURE_AUTORELEASING = YES;
				CLANG_WARN_BOOL_CONVERSION = YES;
				CLANG_WARN_COMMA = YES;
				CLANG_WARN_CONSTANT_CONVERSION = YES;
				CLANG_WARN_DEPRECATED_OBJC_IMPLEMENTATIONS = YES;
				CLANG_WARN_DIRECT_OBJC_ISA_USAGE = YES_ERROR;
				CLANG_WARN_DOCUMENTATION_COMMENTS = YES;
				CLANG_WARN_EMPTY_BODY = YES;
				CLANG_WARN_ENUM_CONVERSION = YES;
				CLANG_WARN_INFINITE_RECURSION = YES;
				CLANG_WARN_INT_CONVERSION = YES;
				CLANG_WARN_NON_LITERAL_NULL_CONVERSION = YES;
				CLANG_WARN_OBJC_IMPLICIT_RETAIN_SELF = YES;
				CLANG_WARN_OBJC_LITERAL_CONVERSION = YES;
				CLANG_WARN_OBJC_ROOT_CLASS = YES_ERROR;
				CLANG_WARN_QUOTED_INCLUDE_IN_FRAMEWORK_HEADER = YES;
				CLANG_WARN_RANGE_LOOP_ANALYSIS = YES;
				CLANG_WARN_STRICT_PROTOTYPES = YES;
				CLANG_WARN_SUSPICIOUS_MOVE = YES;
				CLANG_WARN_UNGUARDED_AVAILABILITY = YES_AGGRESSIVE;
				CLANG_WARN_UNREACHABLE_CODE = YES;
				CLANG_WARN__DUPLICATE_METHOD_MATCH = YES;
				COPY_PHASE_STRIP = NO;
				DEBUG_INFORMATION_FORMAT = dwarf;
				ENABLE_STRICT_OBJC_MSGSEND = YES;
				ENABLE_TESTABILITY = YES;
				GCC_C_LANGUAGE_STANDARD = gnu11;
				GCC_DYNAMIC_NO_PIC = NO;
				GCC_NO_COMMON_BLOCKS = YES;
				GCC_OPTIMIZATION_LEVEL = 0;
				GCC_PREPROCESSOR_DEFINITIONS = (
					"DEBUG=1",
					"$(inherited)",
				);
				GCC_WARN_64_TO_32_BIT_CONVERSION = YES;
				GCC_WARN_ABOUT_RETURN_TYPE = YES_ERROR;
				GCC_WARN_UNDECLARED_SELECTOR = YES;
				GCC_WARN_UNINITIALIZED_AUTOS = YES_AGGRESSIVE;
				GCC_WARN_UNUSED_FUNCTION = YES;
				GCC_WARN_UNUSED_VARIABLE = YES;
				IPHONEOS_DEPLOYMENT_TARGET = 16.2;
				MTL_ENABLE_DEBUG_INFO = INCLUDE_SOURCE;
				MTL_FAST_MATH = YES;
				ONLY_ACTIVE_ARCH = YES;
				SDKROOT = iphoneos;
				SWIFT_ACTIVE_COMPILATION_CONDITIONS = DEBUG;
				SWIFT_OPTIMIZATION_LEVEL = "-Onone";
			};
			name = Debug;
		};
		FCE64F1829E72F4C00F61644 /* Release */ = {
			isa = XCBuildConfiguration;
			buildSettings = {
				ALWAYS_SEARCH_USER_PATHS = NO;
				CLANG_ANALYZER_NONNULL = YES;
				CLANG_ANALYZER_NUMBER_OBJECT_CONVERSION = YES_AGGRESSIVE;
				CLANG_CXX_LANGUAGE_STANDARD = "gnu++20";
				CLANG_ENABLE_MODULES = YES;
				CLANG_ENABLE_OBJC_ARC = YES;
				CLANG_ENABLE_OBJC_WEAK = YES;
				CLANG_WARN_BLOCK_CAPTURE_AUTORELEASING = YES;
				CLANG_WARN_BOOL_CONVERSION = YES;
				CLANG_WARN_COMMA = YES;
				CLANG_WARN_CONSTANT_CONVERSION = YES;
				CLANG_WARN_DEPRECATED_OBJC_IMPLEMENTATIONS = YES;
				CLANG_WARN_DIRECT_OBJC_ISA_USAGE = YES_ERROR;
				CLANG_WARN_DOCUMENTATION_COMMENTS = YES;
				CLANG_WARN_EMPTY_BODY = YES;
				CLANG_WARN_ENUM_CONVERSION = YES;
				CLANG_WARN_INFINITE_RECURSION = YES;
				CLANG_WARN_INT_CONVERSION = YES;
				CLANG_WARN_NON_LITERAL_NULL_CONVERSION = YES;
				CLANG_WARN_OBJC_IMPLICIT_RETAIN_SELF = YES;
				CLANG_WARN_OBJC_LITERAL_CONVERSION = YES;
				CLANG_WARN_OBJC_ROOT_CLASS = YES_ERROR;
				CLANG_WARN_QUOTED_INCLUDE_IN_FRAMEWORK_HEADER = YES;
				CLANG_WARN_RANGE_LOOP_ANALYSIS = YES;
				CLANG_WARN_STRICT_PROTOTYPES = YES;
				CLANG_WARN_SUSPICIOUS_MOVE = YES;
				CLANG_WARN_UNGUARDED_AVAILABILITY = YES_AGGRESSIVE;
				CLANG_WARN_UNREACHABLE_CODE = YES;
				CLANG_WARN__DUPLICATE_METHOD_MATCH = YES;
				COPY_PHASE_STRIP = NO;
				DEBUG_INFORMATION_FORMAT = "dwarf-with-dsym";
				ENABLE_NS_ASSERTIONS = NO;
				ENABLE_STRICT_OBJC_MSGSEND = YES;
				GCC_C_LANGUAGE_STANDARD = gnu11;
				GCC_NO_COMMON_BLOCKS = YES;
				GCC_WARN_64_TO_32_BIT_CONVERSION = YES;
				GCC_WARN_ABOUT_RETURN_TYPE = YES_ERROR;
				GCC_WARN_UNDECLARED_SELECTOR = YES;
				GCC_WARN_UNINITIALIZED_AUTOS = YES_AGGRESSIVE;
				GCC_WARN_UNUSED_FUNCTION = YES;
				GCC_WARN_UNUSED_VARIABLE = YES;
				IPHONEOS_DEPLOYMENT_TARGET = 16.2;
				MTL_ENABLE_DEBUG_INFO = NO;
				MTL_FAST_MATH = YES;
				SDKROOT = iphoneos;
				SWIFT_COMPILATION_MODE = wholemodule;
				SWIFT_OPTIMIZATION_LEVEL = "-O";
				VALIDATE_PRODUCT = YES;
			};
			name = Release;
		};
		FCE64F1A29E72F4C00F61644 /* Debug */ = {
			isa = XCBuildConfiguration;
			buildSettings = {
				ASSETCATALOG_COMPILER_APPICON_NAME = AppIcon;
				ASSETCATALOG_COMPILER_GLOBAL_ACCENT_COLOR_NAME = AccentColor;
				CODE_SIGN_STYLE = Automatic;
				CURRENT_PROJECT_VERSION = 1;
				DEVELOPMENT_TEAM = 5KJQZ5KU4L;
				GENERATE_INFOPLIST_FILE = YES;
				INFOPLIST_FILE = "Alyssa Ballot Project/Info.plist";
				INFOPLIST_KEY_UIApplicationSupportsIndirectInputEvents = YES;
				INFOPLIST_KEY_UILaunchStoryboardName = LaunchScreen;
				INFOPLIST_KEY_UIMainStoryboardFile = Main;
				INFOPLIST_KEY_UISupportedInterfaceOrientations_iPad = "UIInterfaceOrientationPortrait UIInterfaceOrientationPortraitUpsideDown UIInterfaceOrientationLandscapeLeft UIInterfaceOrientationLandscapeRight";
				INFOPLIST_KEY_UISupportedInterfaceOrientations_iPhone = "UIInterfaceOrientationPortrait UIInterfaceOrientationLandscapeLeft UIInterfaceOrientationLandscapeRight";
				LD_RUNPATH_SEARCH_PATHS = (
					"$(inherited)",
					"@executable_path/Frameworks",
				);
				MARKETING_VERSION = 1.0;
				PRODUCT_BUNDLE_IDENTIFIER = "SCS141.Alyssa-Ballot-Project";
				PRODUCT_NAME = "$(TARGET_NAME)";
				SWIFT_EMIT_LOC_STRINGS = YES;
				SWIFT_VERSION = 5.0;
				TARGETED_DEVICE_FAMILY = "1,2";
			};
			name = Debug;
		};
		FCE64F1B29E72F4C00F61644 /* Release */ = {
			isa = XCBuildConfiguration;
			buildSettings = {
				ASSETCATALOG_COMPILER_APPICON_NAME = AppIcon;
				ASSETCATALOG_COMPILER_GLOBAL_ACCENT_COLOR_NAME = AccentColor;
				CODE_SIGN_STYLE = Automatic;
				CURRENT_PROJECT_VERSION = 1;
				DEVELOPMENT_TEAM = 5KJQZ5KU4L;
				GENERATE_INFOPLIST_FILE = YES;
				INFOPLIST_FILE = "Alyssa Ballot Project/Info.plist";
				INFOPLIST_KEY_UIApplicationSupportsIndirectInputEvents = YES;
				INFOPLIST_KEY_UILaunchStoryboardName = LaunchScreen;
				INFOPLIST_KEY_UIMainStoryboardFile = Main;
				INFOPLIST_KEY_UISupportedInterfaceOrientations_iPad = "UIInterfaceOrientationPortrait UIInterfaceOrientationPortraitUpsideDown UIInterfaceOrientationLandscapeLeft UIInterfaceOrientationLandscapeRight";
				INFOPLIST_KEY_UISupportedInterfaceOrientations_iPhone = "UIInterfaceOrientationPortrait UIInterfaceOrientationLandscapeLeft UIInterfaceOrientationLandscapeRight";
				LD_RUNPATH_SEARCH_PATHS = (
					"$(inherited)",
					"@executable_path/Frameworks",
				);
				MARKETING_VERSION = 1.0;
				PRODUCT_BUNDLE_IDENTIFIER = "SCS141.Alyssa-Ballot-Project";
				PRODUCT_NAME = "$(TARGET_NAME)";
				SWIFT_EMIT_LOC_STRINGS = YES;
				SWIFT_VERSION = 5.0;
				TARGETED_DEVICE_FAMILY = "1,2";
			};
			name = Release;
		};
/* End XCBuildConfiguration section */

/* Begin XCConfigurationList section */
		FCE64F0029E72F4800F61644 /* Build configuration list for PBXProject "Alyssa Ballot Project" */ = {
			isa = XCConfigurationList;
			buildConfigurations = (
				FCE64F1729E72F4C00F61644 /* Debug */,
				FCE64F1829E72F4C00F61644 /* Release */,
			);
			defaultConfigurationIsVisible = 0;
			defaultConfigurationName = Release;
		};
		FCE64F1929E72F4C00F61644 /* Build configuration list for PBXNativeTarget "Alyssa Ballot Project" */ = {
			isa = XCConfigurationList;
			buildConfigurations = (
				FCE64F1A29E72F4C00F61644 /* Debug */,
				FCE64F1B29E72F4C00F61644 /* Release */,
			);
			defaultConfigurationIsVisible = 0;
			defaultConfigurationName = Release;
		};
/* End XCConfigurationList section */
	};
	rootObject = FCE64EFD29E72F4800F61644 /* Project object */;
}
